{
  "name": "personal-website",
  "version": "1.0.0",
  "lockfileVersion": 3,
  "requires": true,
  "packages": {
    "": {
      "name": "personal-website",
      "version": "1.0.0",
      "license": "MIT",
      "dependencies": {
        "@frontmatter/extensibility": "^0.0.17"
      }
    },
    "node_modules/@frontmatter/extensibility": {
      "version": "0.0.17",
      "resolved": "https://registry.npmjs.org/@frontmatter/extensibility/-/extensibility-0.0.17.tgz",
      "integrity": "sha512-RmkINBI9uIhG2FaUvxb8yFmWcbk9fvgzHOx3mA27NetgCwO0Rh74TmeFDWOKmE4G9caRGKrrkQrWeT3M9mAzvw==",
      "dependencies": {
        "@skypack/package-check": "^0.2.2"
      }
    },
    "node_modules/@skypack/package-check": {
      "version": "0.2.2",
      "resolved": "https://registry.npmjs.org/@skypack/package-check/-/package-check-0.2.2.tgz",
      "integrity": "sha512-T4Wyi9lUuz0a1C2OHuzqZ0aFOCI0AmaGTb2LP9sHgWdoHXlB3JU02gfBpa0Y081G/gFsJYpQ/R0iCJRzF/nknw==",
      "dependencies": {
        "kleur": "^4.1.3",
        "yargs-parser": "^20.2.3"
      },
      "bin": {
        "package-check": "index.bin.js"
      }
    },
    "node_modules/kleur": {
      "version": "4.1.5",
      "resolved": "https://registry.npmjs.org/kleur/-/kleur-4.1.5.tgz",
      "integrity": "sha512-o+NO+8WrRiQEE4/7nwRJhN1HWpVmJm511pBHUxPLtp0BUISzlBplORYSmTclCnJvQq2tKu/sgl3xVpkc7ZWuQQ==",
      "engines": {
        "node": ">=6"
      }
    },
    "node_modules/yargs-parser": {
      "version": "20.2.9",
      "resolved": "https://registry.npmjs.org/yargs-parser/-/yargs-parser-20.2.9.tgz",
      "integrity": "sha512-y11nGElTIV+CT3Zv9t7VKl+Q3hTQoT9a1Qzezhhl6Rp21gJ/IVTW7Z3y9EWXhuUBC2Shnf+DX0antecpAwSP8w==",
      "engines": {
        "node": ">=10"
      }
    }
  }
}
